
Microsoft Visual Studio Solution File, Format Version 12.00
# Visual Studio Version 17
VisualStudioVersion = 17.0.32126.317
MinimumVisualStudioVersion = 10.0.40219.1
Project("{2150E333-8FDC-42A3-9474-1A3956D46DE8}") = "src", "src", "{87D165C3-8F0D-4C74-9B0D-AE8E9FF444FD}"
EndProject
Project("{9A19103F-16F7-4668-BE54-9A1E7A4F7556}") = "UniClub.Domain", "UniClub.Domain\UniClub.Domain.csproj", "{B2E0AB18-C41F-447B-909A-F07401E2E0FC}"
EndProject
Project("{9A19103F-16F7-4668-BE54-9A1E7A4F7556}") = "UniClub.Helper", "UniClub.Helper\UniClub.Helper.csproj", "{2F978E60-2721-408E-AB75-775D3AAD6DEE}"
EndProject
Project("{9A19103F-16F7-4668-BE54-9A1E7A4F7556}") = "UniClub.HttpApi", "UniClub.HttpApi\UniClub.HttpApi.csproj", "{9BB3D332-1007-4A5B-9814-3919D08D3239}"
EndProject
Project("{9A19103F-16F7-4668-BE54-9A1E7A4F7556}") = "UniClub.Repositories", "UniClub.Repositories\UniClub.Repositories.csproj", "{B8B96C22-279C-4646-8EC0-7CDE66525DDA}"
EndProject
Project("{9A19103F-16F7-4668-BE54-9A1E7A4F7556}") = "UniClub.Services", "UniClub.Services\UniClub.Services.csproj", "{6779E6F2-9D0F-4F9B-941A-7C81915F20AA}"
EndProject
Project("{9A19103F-16F7-4668-BE54-9A1E7A4F7556}") = "UniClub.EntityFrameworkCore", "UniClub.EntityFrameworkCore\UniClub.EntityFrameworkCore.csproj", "{93F2051A-000A-4E09-ACAA-866B5B0E7ADE}"
EndProject
Project("{9A19103F-16F7-4668-BE54-9A1E7A4F7556}") = "UniClub.Application", "UniClub.Application\UniClub.Application.csproj", "{9E477DEB-706A-4AB7-9597-E22094E9CF92}"
EndProject
Project("{9A19103F-16F7-4668-BE54-9A1E7A4F7556}") = "UniClub.AutoMapper", "UniClub.AutoMapper\UniClub.AutoMapper.csproj", "{7D3CEB42-ACC4-4479-849A-1941B31B86C9}"
EndProject
Project("{9A19103F-16F7-4668-BE54-9A1E7A4F7556}") = "UniClub.Specifications", "UniClub.Specifications\UniClub.Specifications.csproj", "{CC678F72-2405-4725-B760-6AA926B102A3}"
EndProject
Project("{9A19103F-16F7-4668-BE54-9A1E7A4F7556}") = "UniClub.Dtos", "UniClub.Dtos\UniClub.Dtos.csproj", "{341FD727-0185-4540-9943-29EB87D64498}"
EndProject
Project("{9A19103F-16F7-4668-BE54-9A1E7A4F7556}") = "UniClub.Commands", "UniClub.Commands\UniClub.Commands.csproj", "{0CDAE6DC-7EDD-4E97-8840-D6551DE30C06}"
EndProject
Project("{9A19103F-16F7-4668-BE54-9A1E7A4F7556}") = "UniClub.Queries", "UniClub.Queries\UniClub.Queries.csproj", "{40ADC0C1-D368-479A-825E-19A64306C559}"
EndProject
Project("{2150E333-8FDC-42A3-9474-1A3956D46DE8}") = "Core", "Core", "{E08A8584-4D19-437D-8C69-5619A9DDBA16}"
EndProject
Project("{2150E333-8FDC-42A3-9474-1A3956D46DE8}") = "Domain", "Domain", "{E17C5502-6E58-4499-B1B5-DC5AB22B15AE}"
EndProject
Project("{2150E333-8FDC-42A3-9474-1A3956D46DE8}") = "Utils", "Utils", "{3A874EDD-012E-42A3-945A-8868FE91F73F}"
EndProject
Project("{2150E333-8FDC-42A3-9474-1A3956D46DE8}") = "Infrastructure", "Infrastructure", "{1021ABDF-16EB-470A-909B-1A1AB83BAFEF}"
EndProject
Project("{2150E333-8FDC-42A3-9474-1A3956D46DE8}") = "WebApp", "WebApp", "{A68A2061-67F5-4939-A6D9-A5023D8E96BE}"
EndProject
Project("{9A19103F-16F7-4668-BE54-9A1E7A4F7556}") = "UniClub.Redis", "UniClub.Redis\UniClub.Redis.csproj", "{EC550DC5-F31E-40A6-9C23-CBB4184677EC}"
EndProject
Project("{9A19103F-16F7-4668-BE54-9A1E7A4F7556}") = "UniClub.Worker", "UniClub.Worker\UniClub.Worker.csproj", "{8482138B-21E1-4431-8093-23623C22972D}"
EndProject
Global
	GlobalSection(SolutionConfigurationPlatforms) = preSolution
		Debug|Any CPU = Debug|Any CPU
		Release|Any CPU = Release|Any CPU
	EndGlobalSection
	GlobalSection(ProjectConfigurationPlatforms) = postSolution
		{B2E0AB18-C41F-447B-909A-F07401E2E0FC}.Debug|Any CPU.ActiveCfg = Debug|Any CPU
		{B2E0AB18-C41F-447B-909A-F07401E2E0FC}.Debug|Any CPU.Build.0 = Debug|Any CPU
		{B2E0AB18-C41F-447B-909A-F07401E2E0FC}.Release|Any CPU.ActiveCfg = Release|Any CPU
		{B2E0AB18-C41F-447B-909A-F07401E2E0FC}.Release|Any CPU.Build.0 = Release|Any CPU
		{2F978E60-2721-408E-AB75-775D3AAD6DEE}.Debug|Any CPU.ActiveCfg = Debug|Any CPU
		{2F978E60-2721-408E-AB75-775D3AAD6DEE}.Debug|Any CPU.Build.0 = Debug|Any CPU
		{2F978E60-2721-408E-AB75-775D3AAD6DEE}.Release|Any CPU.ActiveCfg = Release|Any CPU
		{2F978E60-2721-408E-AB75-775D3AAD6DEE}.Release|Any CPU.Build.0 = Release|Any CPU
		{9BB3D332-1007-4A5B-9814-3919D08D3239}.Debug|Any CPU.ActiveCfg = Debug|Any CPU
		{9BB3D332-1007-4A5B-9814-3919D08D3239}.Debug|Any CPU.Build.0 = Debug|Any CPU
		{9BB3D332-1007-4A5B-9814-3919D08D3239}.Release|Any CPU.ActiveCfg = Release|Any CPU
		{9BB3D332-1007-4A5B-9814-3919D08D3239}.Release|Any CPU.Build.0 = Release|Any CPU
		{B8B96C22-279C-4646-8EC0-7CDE66525DDA}.Debug|Any CPU.ActiveCfg = Debug|Any CPU
		{B8B96C22-279C-4646-8EC0-7CDE66525DDA}.Debug|Any CPU.Build.0 = Debug|Any CPU
		{B8B96C22-279C-4646-8EC0-7CDE66525DDA}.Release|Any CPU.ActiveCfg = Release|Any CPU
		{B8B96C22-279C-4646-8EC0-7CDE66525DDA}.Release|Any CPU.Build.0 = Release|Any CPU
		{6779E6F2-9D0F-4F9B-941A-7C81915F20AA}.Debug|Any CPU.ActiveCfg = Debug|Any CPU
		{6779E6F2-9D0F-4F9B-941A-7C81915F20AA}.Debug|Any CPU.Build.0 = Debug|Any CPU
		{6779E6F2-9D0F-4F9B-941A-7C81915F20AA}.Release|Any CPU.ActiveCfg = Release|Any CPU
		{6779E6F2-9D0F-4F9B-941A-7C81915F20AA}.Release|Any CPU.Build.0 = Release|Any CPU
		{93F2051A-000A-4E09-ACAA-866B5B0E7ADE}.Debug|Any CPU.ActiveCfg = Debug|Any CPU
		{93F2051A-000A-4E09-ACAA-866B5B0E7ADE}.Debug|Any CPU.Build.0 = Debug|Any CPU
		{93F2051A-000A-4E09-ACAA-866B5B0E7ADE}.Release|Any CPU.ActiveCfg = Release|Any CPU
		{93F2051A-000A-4E09-ACAA-866B5B0E7ADE}.Release|Any CPU.Build.0 = Release|Any CPU
		{9E477DEB-706A-4AB7-9597-E22094E9CF92}.Debug|Any CPU.ActiveCfg = Debug|Any CPU
		{9E477DEB-706A-4AB7-9597-E22094E9CF92}.Debug|Any CPU.Build.0 = Debug|Any CPU
		{9E477DEB-706A-4AB7-9597-E22094E9CF92}.Release|Any CPU.ActiveCfg = Release|Any CPU
		{9E477DEB-706A-4AB7-9597-E22094E9CF92}.Release|Any CPU.Build.0 = Release|Any CPU
		{7D3CEB42-ACC4-4479-849A-1941B31B86C9}.Debug|Any CPU.ActiveCfg = Debug|Any CPU
		{7D3CEB42-ACC4-4479-849A-1941B31B86C9}.Debug|Any CPU.Build.0 = Debug|Any CPU
		{7D3CEB42-ACC4-4479-849A-1941B31B86C9}.Release|Any CPU.ActiveCfg = Release|Any CPU
		{7D3CEB42-ACC4-4479-849A-1941B31B86C9}.Release|Any CPU.Build.0 = Release|Any CPU
		{CC678F72-2405-4725-B760-6AA926B102A3}.Debug|Any CPU.ActiveCfg = Debug|Any CPU
		{CC678F72-2405-4725-B760-6AA926B102A3}.Debug|Any CPU.Build.0 = Debug|Any CPU
		{CC678F72-2405-4725-B760-6AA926B102A3}.Release|Any CPU.ActiveCfg = Release|Any CPU
		{CC678F72-2405-4725-B760-6AA926B102A3}.Release|Any CPU.Build.0 = Release|Any CPU
		{341FD727-0185-4540-9943-29EB87D64498}.Debug|Any CPU.ActiveCfg = Debug|Any CPU
		{341FD727-0185-4540-9943-29EB87D64498}.Debug|Any CPU.Build.0 = Debug|Any CPU
		{341FD727-0185-4540-9943-29EB87D64498}.Release|Any CPU.ActiveCfg = Release|Any CPU
		{341FD727-0185-4540-9943-29EB87D64498}.Release|Any CPU.Build.0 = Release|Any CPU
		{0CDAE6DC-7EDD-4E97-8840-D6551DE30C06}.Debug|Any CPU.ActiveCfg = Debug|Any CPU
		{0CDAE6DC-7EDD-4E97-8840-D6551DE30C06}.Debug|Any CPU.Build.0 = Debug|Any CPU
		{0CDAE6DC-7EDD-4E97-8840-D6551DE30C06}.Release|Any CPU.ActiveCfg = Release|Any CPU
		{0CDAE6DC-7EDD-4E97-8840-D6551DE30C06}.Release|Any CPU.Build.0 = Release|Any CPU
		{40ADC0C1-D368-479A-825E-19A64306C559}.Debug|Any CPU.ActiveCfg = Debug|Any CPU
		{40ADC0C1-D368-479A-825E-19A64306C559}.Debug|Any CPU.Build.0 = Debug|Any CPU
		{40ADC0C1-D368-479A-825E-19A64306C559}.Release|Any CPU.ActiveCfg = Release|Any CPU
		{40ADC0C1-D368-479A-825E-19A64306C559}.Release|Any CPU.Build.0 = Release|Any CPU
		{EC550DC5-F31E-40A6-9C23-CBB4184677EC}.Debug|Any CPU.ActiveCfg = Debug|Any CPU
		{EC550DC5-F31E-40A6-9C23-CBB4184677EC}.Debug|Any CPU.Build.0 = Debug|Any CPU
		{EC550DC5-F31E-40A6-9C23-CBB4184677EC}.Release|Any CPU.ActiveCfg = Release|Any CPU
		{EC550DC5-F31E-40A6-9C23-CBB4184677EC}.Release|Any CPU.Build.0 = Release|Any CPU
		{8482138B-21E1-4431-8093-23623C22972D}.Debug|Any CPU.ActiveCfg = Debug|Any CPU
		{8482138B-21E1-4431-8093-23623C22972D}.Debug|Any CPU.Build.0 = Debug|Any CPU
		{8482138B-21E1-4431-8093-23623C22972D}.Release|Any CPU.ActiveCfg = Release|Any CPU
		{8482138B-21E1-4431-8093-23623C22972D}.Release|Any CPU.Build.0 = Release|Any CPU
	EndGlobalSection
	GlobalSection(SolutionProperties) = preSolution
		HideSolutionNode = FALSE
	EndGlobalSection
	GlobalSection(NestedProjects) = preSolution
		{B2E0AB18-C41F-447B-909A-F07401E2E0FC} = {E17C5502-6E58-4499-B1B5-DC5AB22B15AE}
		{2F978E60-2721-408E-AB75-775D3AAD6DEE} = {3A874EDD-012E-42A3-945A-8868FE91F73F}
		{9BB3D332-1007-4A5B-9814-3919D08D3239} = {A68A2061-67F5-4939-A6D9-A5023D8E96BE}
		{B8B96C22-279C-4646-8EC0-7CDE66525DDA} = {E17C5502-6E58-4499-B1B5-DC5AB22B15AE}
		{6779E6F2-9D0F-4F9B-941A-7C81915F20AA} = {3A874EDD-012E-42A3-945A-8868FE91F73F}
		{93F2051A-000A-4E09-ACAA-866B5B0E7ADE} = {1021ABDF-16EB-470A-909B-1A1AB83BAFEF}
		{9E477DEB-706A-4AB7-9597-E22094E9CF92} = {E08A8584-4D19-437D-8C69-5619A9DDBA16}
		{7D3CEB42-ACC4-4479-849A-1941B31B86C9} = {E08A8584-4D19-437D-8C69-5619A9DDBA16}
		{CC678F72-2405-4725-B760-6AA926B102A3} = {E17C5502-6E58-4499-B1B5-DC5AB22B15AE}
		{341FD727-0185-4540-9943-29EB87D64498} = {E08A8584-4D19-437D-8C69-5619A9DDBA16}
		{0CDAE6DC-7EDD-4E97-8840-D6551DE30C06} = {E08A8584-4D19-437D-8C69-5619A9DDBA16}
		{40ADC0C1-D368-479A-825E-19A64306C559} = {E08A8584-4D19-437D-8C69-5619A9DDBA16}
		{E08A8584-4D19-437D-8C69-5619A9DDBA16} = {87D165C3-8F0D-4C74-9B0D-AE8E9FF444FD}
		{E17C5502-6E58-4499-B1B5-DC5AB22B15AE} = {87D165C3-8F0D-4C74-9B0D-AE8E9FF444FD}
		{3A874EDD-012E-42A3-945A-8868FE91F73F} = {87D165C3-8F0D-4C74-9B0D-AE8E9FF444FD}
		{1021ABDF-16EB-470A-909B-1A1AB83BAFEF} = {87D165C3-8F0D-4C74-9B0D-AE8E9FF444FD}
		{A68A2061-67F5-4939-A6D9-A5023D8E96BE} = {87D165C3-8F0D-4C74-9B0D-AE8E9FF444FD}
		{EC550DC5-F31E-40A6-9C23-CBB4184677EC} = {1021ABDF-16EB-470A-909B-1A1AB83BAFEF}
		{8482138B-21E1-4431-8093-23623C22972D} = {3A874EDD-012E-42A3-945A-8868FE91F73F}
	EndGlobalSection
	GlobalSection(ExtensibilityGlobals) = postSolution
		SolutionGuid = {FA779EBD-5272-4762-98DD-A43C45BF2B20}
	EndGlobalSection
EndGlobal
